
Microsoft Visual Studio Solution File, Format Version 12.00
# Visual Studio Version 16
VisualStudioVersion = 16.0.33214.272
MinimumVisualStudioVersion = 10.0.40219.1
Project("{FAE04EC0-301F-11D3-BF4B-00C04F79EFBC}") = "15prakt", "15prakt.csproj", "{6796BD97-0CFB-47DF-92C0-B99D356CC7DD}"
EndProject
Project("{FAE04EC0-301F-11D3-BF4B-00C04F79EFBC}") = "ClassLibrary1", "ClassLibrary1\ClassLibrary1.csproj", "{068ED006-ADCC-4A8A-8D61-A54209904A00}"
EndProject
Global
	GlobalSection(SolutionConfigurationPlatforms) = preSolution
		Debug|Any CPU = Debug|Any CPU
		Release|Any CPU = Release|Any CPU
	EndGlobalSection
	GlobalSection(ProjectConfigurationPlatforms) = postSolution
		{6796BD97-0CFB-47DF-92C0-B99D356CC7DD}.Debug|Any CPU.ActiveCfg = Debug|Any CPU
		{6796BD97-0CFB-47DF-92C0-B99D356CC7DD}.Debug|Any CPU.Build.0 = Debug|Any CPU
		{6796BD97-0CFB-47DF-92C0-B99D356CC7DD}.Release|Any CPU.ActiveCfg = Release|Any CPU
		{6796BD97-0CFB-47DF-92C0-B99D356CC7DD}.Release|Any CPU.Build.0 = Release|Any CPU
		{068ED006-ADCC-4A8A-8D61-A54209904A00}.Debug|Any CPU.ActiveCfg = Debug|Any CPU
		{068ED006-ADCC-4A8A-8D61-A54209904A00}.Debug|Any CPU.Build.0 = Debug|Any CPU
		{068ED006-ADCC-4A8A-8D61-A54209904A00}.Release|Any CPU.ActiveCfg = Release|Any CPU
		{068ED006-ADCC-4A8A-8D61-A54209904A00}.Release|Any CPU.Build.0 = Release|Any CPU
	EndGlobalSection
	GlobalSection(SolutionProperties) = preSolution
		HideSolutionNode = FALSE
	EndGlobalSection
	GlobalSection(ExtensibilityGlobals) = postSolution
		SolutionGuid = {0C8E6CFE-0975-4D0D-9E70-AEBC241CC485}
	EndGlobalSection
EndGlobal
